
Microsoft Visual Studio Solution File, Format Version 12.00
# Visual Studio 15
VisualStudioVersion = 15.0.28307.102
MinimumVisualStudioVersion = 10.0.40219.1
Project("{FAE04EC0-301F-11D3-BF4B-00C04F79EFBC}") = "Chat.Android", "AppChat\Chat.Android\Chat.Android.csproj", "{3BE2D048-E3EE-44E4-8DFE-64B45A425A02}"
EndProject
Project("{9A19103F-16F7-4668-BE54-9A1E7A4F7556}") = "Content.Core", "AppChat\Content.Core\Content.Core.csproj", "{EE9EA5C0-5205-4EB5-94DB-5A40F9589FF6}"
EndProject
Project("{FAE04EC0-301F-11D3-BF4B-00C04F79EFBC}") = "MqttNetServer", "AppChat\MqttNetServer\MqttNetServer.csproj", "{B0C01277-BBF1-4A23-B700-4E4B6954A3B7}"
EndProject
Project("{9A19103F-16F7-4668-BE54-9A1E7A4F7556}") = "Chat.Model", "AppChat\Chat.Model\Chat.Model.csproj", "{1BC9C4C7-F520-4D83-84FA-EF53562AB010}"
EndProject
Project("{2150E333-8FDC-42A3-9474-1A3956D46DE8}") = "Solution Items", "Solution Items", "{423B7A67-FE46-4820-BC54-6CE530651B94}"
	ProjectSection(SolutionItems) = preProject
		说明.txt = 说明.txt
	EndProjectSection
EndProject
Project("{2150E333-8FDC-42A3-9474-1A3956D46DE8}") = "AppKey", "AppKey", "{260891EF-217C-4B02-B99C-AFE9DA3747D3}"
	ProjectSection(SolutionItems) = preProject
		AppKey\AppChat.keyInfo = AppKey\AppChat.keyInfo
		AppKey\AppChat.keystore = AppKey\AppChat.keystore
	EndProjectSection
EndProject
Project("{2150E333-8FDC-42A3-9474-1A3956D46DE8}") = "Apk", "Apk", "{A5EEC2C1-B88B-449A-BB09-E544E44AD922}"
	ProjectSection(SolutionItems) = preProject
		apk\com.companyname.Chat.apk = apk\com.companyname.Chat.apk
	EndProjectSection
EndProject
Global
	GlobalSection(SolutionConfigurationPlatforms) = preSolution
		Ad-Hoc|Any CPU = Ad-Hoc|Any CPU
		Ad-Hoc|iPhone = Ad-Hoc|iPhone
		Ad-Hoc|iPhoneSimulator = Ad-Hoc|iPhoneSimulator
		Ad-Hoc|x64 = Ad-Hoc|x64
		AppStore|Any CPU = AppStore|Any CPU
		AppStore|iPhone = AppStore|iPhone
		AppStore|iPhoneSimulator = AppStore|iPhoneSimulator
		AppStore|x64 = AppStore|x64
		Debug|Any CPU = Debug|Any CPU
		Debug|iPhone = Debug|iPhone
		Debug|iPhoneSimulator = Debug|iPhoneSimulator
		Debug|x64 = Debug|x64
		Release|Any CPU = Release|Any CPU
		Release|iPhone = Release|iPhone
		Release|iPhoneSimulator = Release|iPhoneSimulator
		Release|x64 = Release|x64
	EndGlobalSection
	GlobalSection(ProjectConfigurationPlatforms) = postSolution
		{3BE2D048-E3EE-44E4-8DFE-64B45A425A02}.Ad-Hoc|Any CPU.ActiveCfg = Release|Any CPU
		{3BE2D048-E3EE-44E4-8DFE-64B45A425A02}.Ad-Hoc|Any CPU.Build.0 = Release|Any CPU
		{3BE2D048-E3EE-44E4-8DFE-64B45A425A02}.Ad-Hoc|Any CPU.Deploy.0 = Release|Any CPU
		{3BE2D048-E3EE-44E4-8DFE-64B45A425A02}.Ad-Hoc|iPhone.ActiveCfg = Release|Any CPU
		{3BE2D048-E3EE-44E4-8DFE-64B45A425A02}.Ad-Hoc|iPhone.Build.0 = Release|Any CPU
		{3BE2D048-E3EE-44E4-8DFE-64B45A425A02}.Ad-Hoc|iPhone.Deploy.0 = Release|Any CPU
		{3BE2D048-E3EE-44E4-8DFE-64B45A425A02}.Ad-Hoc|iPhoneSimulator.ActiveCfg = Release|Any CPU
		{3BE2D048-E3EE-44E4-8DFE-64B45A425A02}.Ad-Hoc|iPhoneSimulator.Build.0 = Release|Any CPU
		{3BE2D048-E3EE-44E4-8DFE-64B45A425A02}.Ad-Hoc|iPhoneSimulator.Deploy.0 = Release|Any CPU
		{3BE2D048-E3EE-44E4-8DFE-64B45A425A02}.Ad-Hoc|x64.ActiveCfg = Release|x64
		{3BE2D048-E3EE-44E4-8DFE-64B45A425A02}.Ad-Hoc|x64.Build.0 = Release|x64
		{3BE2D048-E3EE-44E4-8DFE-64B45A425A02}.Ad-Hoc|x64.Deploy.0 = Release|x64
		{3BE2D048-E3EE-44E4-8DFE-64B45A425A02}.AppStore|Any CPU.ActiveCfg = Release|Any CPU
		{3BE2D048-E3EE-44E4-8DFE-64B45A425A02}.AppStore|Any CPU.Build.0 = Release|Any CPU
		{3BE2D048-E3EE-44E4-8DFE-64B45A425A02}.AppStore|Any CPU.Deploy.0 = Release|Any CPU
		{3BE2D048-E3EE-44E4-8DFE-64B45A425A02}.AppStore|iPhone.ActiveCfg = Release|Any CPU
		{3BE2D048-E3EE-44E4-8DFE-64B45A425A02}.AppStore|iPhone.Build.0 = Release|Any CPU
		{3BE2D048-E3EE-44E4-8DFE-64B45A425A02}.AppStore|iPhone.Deploy.0 = Release|Any CPU
		{3BE2D048-E3EE-44E4-8DFE-64B45A425A02}.AppStore|iPhoneSimulator.ActiveCfg = Release|Any CPU
		{3BE2D048-E3EE-44E4-8DFE-64B45A425A02}.AppStore|iPhoneSimulator.Build.0 = Release|Any CPU
		{3BE2D048-E3EE-44E4-8DFE-64B45A425A02}.AppStore|iPhoneSimulator.Deploy.0 = Release|Any CPU
		{3BE2D048-E3EE-44E4-8DFE-64B45A425A02}.AppStore|x64.ActiveCfg = Release|x64
		{3BE2D048-E3EE-44E4-8DFE-64B45A425A02}.AppStore|x64.Build.0 = Release|x64
		{3BE2D048-E3EE-44E4-8DFE-64B45A425A02}.AppStore|x64.Deploy.0 = Release|x64
		{3BE2D048-E3EE-44E4-8DFE-64B45A425A02}.Debug|Any CPU.ActiveCfg = Debug|Any CPU
		{3BE2D048-E3EE-44E4-8DFE-64B45A425A02}.Debug|Any CPU.Build.0 = Debug|Any CPU
		{3BE2D048-E3EE-44E4-8DFE-64B45A425A02}.Debug|Any CPU.Deploy.0 = Debug|Any CPU
		{3BE2D048-E3EE-44E4-8DFE-64B45A425A02}.Debug|iPhone.ActiveCfg = Debug|Any CPU
		{3BE2D048-E3EE-44E4-8DFE-64B45A425A02}.Debug|iPhone.Build.0 = Debug|Any CPU
		{3BE2D048-E3EE-44E4-8DFE-64B45A425A02}.Debug|iPhone.Deploy.0 = Debug|Any CPU
		{3BE2D048-E3EE-44E4-8DFE-64B45A425A02}.Debug|iPhoneSimulator.ActiveCfg = Debug|Any CPU
		{3BE2D048-E3EE-44E4-8DFE-64B45A425A02}.Debug|iPhoneSimulator.Build.0 = Debug|Any CPU
		{3BE2D048-E3EE-44E4-8DFE-64B45A425A02}.Debug|iPhoneSimulator.Deploy.0 = Debug|Any CPU
		{3BE2D048-E3EE-44E4-8DFE-64B45A425A02}.Debug|x64.ActiveCfg = Debug|x64
		{3BE2D048-E3EE-44E4-8DFE-64B45A425A02}.Debug|x64.Build.0 = Debug|x64
		{3BE2D048-E3EE-44E4-8DFE-64B45A425A02}.Debug|x64.Deploy.0 = Debug|x64
		{3BE2D048-E3EE-44E4-8DFE-64B45A425A02}.Release|Any CPU.ActiveCfg = Release|Any CPU
		{3BE2D048-E3EE-44E4-8DFE-64B45A425A02}.Release|Any CPU.Build.0 = Release|Any CPU
		{3BE2D048-E3EE-44E4-8DFE-64B45A425A02}.Release|Any CPU.Deploy.0 = Release|Any CPU
		{3BE2D048-E3EE-44E4-8DFE-64B45A425A02}.Release|iPhone.ActiveCfg = Release|Any CPU
		{3BE2D048-E3EE-44E4-8DFE-64B45A425A02}.Release|iPhone.Build.0 = Release|Any CPU
		{3BE2D048-E3EE-44E4-8DFE-64B45A425A02}.Release|iPhone.Deploy.0 = Release|Any CPU
		{3BE2D048-E3EE-44E4-8DFE-64B45A425A02}.Release|iPhoneSimulator.ActiveCfg = Release|Any CPU
		{3BE2D048-E3EE-44E4-8DFE-64B45A425A02}.Release|iPhoneSimulator.Build.0 = Release|Any CPU
		{3BE2D048-E3EE-44E4-8DFE-64B45A425A02}.Release|iPhoneSimulator.Deploy.0 = Release|Any CPU
		{3BE2D048-E3EE-44E4-8DFE-64B45A425A02}.Release|x64.ActiveCfg = Release|x64
		{3BE2D048-E3EE-44E4-8DFE-64B45A425A02}.Release|x64.Build.0 = Release|x64
		{3BE2D048-E3EE-44E4-8DFE-64B45A425A02}.Release|x64.Deploy.0 = Release|x64
		{EE9EA5C0-5205-4EB5-94DB-5A40F9589FF6}.Ad-Hoc|Any CPU.ActiveCfg = Debug|Any CPU
		{EE9EA5C0-5205-4EB5-94DB-5A40F9589FF6}.Ad-Hoc|Any CPU.Build.0 = Debug|Any CPU
		{EE9EA5C0-5205-4EB5-94DB-5A40F9589FF6}.Ad-Hoc|Any CPU.Deploy.0 = Debug|Any CPU
		{EE9EA5C0-5205-4EB5-94DB-5A40F9589FF6}.Ad-Hoc|iPhone.ActiveCfg = Debug|Any CPU
		{EE9EA5C0-5205-4EB5-94DB-5A40F9589FF6}.Ad-Hoc|iPhone.Build.0 = Debug|Any CPU
		{EE9EA5C0-5205-4EB5-94DB-5A40F9589FF6}.Ad-Hoc|iPhone.Deploy.0 = Debug|Any CPU
		{EE9EA5C0-5205-4EB5-94DB-5A40F9589FF6}.Ad-Hoc|iPhoneSimulator.ActiveCfg = Debug|Any CPU
		{EE9EA5C0-5205-4EB5-94DB-5A40F9589FF6}.Ad-Hoc|iPhoneSimulator.Build.0 = Debug|Any CPU
		{EE9EA5C0-5205-4EB5-94DB-5A40F9589FF6}.Ad-Hoc|iPhoneSimulator.Deploy.0 = Debug|Any CPU
		{EE9EA5C0-5205-4EB5-94DB-5A40F9589FF6}.Ad-Hoc|x64.ActiveCfg = Release|Any CPU
		{EE9EA5C0-5205-4EB5-94DB-5A40F9589FF6}.Ad-Hoc|x64.Build.0 = Release|Any CPU
		{EE9EA5C0-5205-4EB5-94DB-5A40F9589FF6}.AppStore|Any CPU.ActiveCfg = Debug|Any CPU
		{EE9EA5C0-5205-4EB5-94DB-5A40F9589FF6}.AppStore|Any CPU.Build.0 = Debug|Any CPU
		{EE9EA5C0-5205-4EB5-94DB-5A40F9589FF6}.AppStore|Any CPU.Deploy.0 = Debug|Any CPU
		{EE9EA5C0-5205-4EB5-94DB-5A40F9589FF6}.AppStore|iPhone.ActiveCfg = Debug|Any CPU
		{EE9EA5C0-5205-4EB5-94DB-5A40F9589FF6}.AppStore|iPhone.Build.0 = Debug|Any CPU
		{EE9EA5C0-5205-4EB5-94DB-5A40F9589FF6}.AppStore|iPhone.Deploy.0 = Debug|Any CPU
		{EE9EA5C0-5205-4EB5-94DB-5A40F9589FF6}.AppStore|iPhoneSimulator.ActiveCfg = Debug|Any CPU
		{EE9EA5C0-5205-4EB5-94DB-5A40F9589FF6}.AppStore|iPhoneSimulator.Build.0 = Debug|Any CPU
		{EE9EA5C0-5205-4EB5-94DB-5A40F9589FF6}.AppStore|iPhoneSimulator.Deploy.0 = Debug|Any CPU
		{EE9EA5C0-5205-4EB5-94DB-5A40F9589FF6}.AppStore|x64.ActiveCfg = Release|Any CPU
		{EE9EA5C0-5205-4EB5-94DB-5A40F9589FF6}.AppStore|x64.Build.0 = Release|Any CPU
		{EE9EA5C0-5205-4EB5-94DB-5A40F9589FF6}.Debug|Any CPU.ActiveCfg = Debug|Any CPU
		{EE9EA5C0-5205-4EB5-94DB-5A40F9589FF6}.Debug|Any CPU.Build.0 = Debug|Any CPU
		{EE9EA5C0-5205-4EB5-94DB-5A40F9589FF6}.Debug|Any CPU.Deploy.0 = Debug|Any CPU
		{EE9EA5C0-5205-4EB5-94DB-5A40F9589FF6}.Debug|iPhone.ActiveCfg = Debug|Any CPU
		{EE9EA5C0-5205-4EB5-94DB-5A40F9589FF6}.Debug|iPhone.Build.0 = Debug|Any CPU
		{EE9EA5C0-5205-4EB5-94DB-5A40F9589FF6}.Debug|iPhone.Deploy.0 = Debug|Any CPU
		{EE9EA5C0-5205-4EB5-94DB-5A40F9589FF6}.Debug|iPhoneSimulator.ActiveCfg = Debug|Any CPU
		{EE9EA5C0-5205-4EB5-94DB-5A40F9589FF6}.Debug|iPhoneSimulator.Build.0 = Debug|Any CPU
		{EE9EA5C0-5205-4EB5-94DB-5A40F9589FF6}.Debug|iPhoneSimulator.Deploy.0 = Debug|Any CPU
		{EE9EA5C0-5205-4EB5-94DB-5A40F9589FF6}.Debug|x64.ActiveCfg = Debug|Any CPU
		{EE9EA5C0-5205-4EB5-94DB-5A40F9589FF6}.Debug|x64.Build.0 = Debug|Any CPU
		{EE9EA5C0-5205-4EB5-94DB-5A40F9589FF6}.Release|Any CPU.ActiveCfg = Release|Any CPU
		{EE9EA5C0-5205-4EB5-94DB-5A40F9589FF6}.Release|Any CPU.Build.0 = Release|Any CPU
		{EE9EA5C0-5205-4EB5-94DB-5A40F9589FF6}.Release|Any CPU.Deploy.0 = Release|Any CPU
		{EE9EA5C0-5205-4EB5-94DB-5A40F9589FF6}.Release|iPhone.ActiveCfg = Release|Any CPU
		{EE9EA5C0-5205-4EB5-94DB-5A40F9589FF6}.Release|iPhone.Build.0 = Release|Any CPU
		{EE9EA5C0-5205-4EB5-94DB-5A40F9589FF6}.Release|iPhone.Deploy.0 = Release|Any CPU
		{EE9EA5C0-5205-4EB5-94DB-5A40F9589FF6}.Release|iPhoneSimulator.ActiveCfg = Release|Any CPU
		{EE9EA5C0-5205-4EB5-94DB-5A40F9589FF6}.Release|iPhoneSimulator.Build.0 = Release|Any CPU
		{EE9EA5C0-5205-4EB5-94DB-5A40F9589FF6}.Release|iPhoneSimulator.Deploy.0 = Release|Any CPU
		{EE9EA5C0-5205-4EB5-94DB-5A40F9589FF6}.Release|x64.ActiveCfg = Release|Any CPU
		{EE9EA5C0-5205-4EB5-94DB-5A40F9589FF6}.Release|x64.Build.0 = Release|Any CPU
		{B0C01277-BBF1-4A23-B700-4E4B6954A3B7}.Ad-Hoc|Any CPU.ActiveCfg = Release|Any CPU
		{B0C01277-BBF1-4A23-B700-4E4B6954A3B7}.Ad-Hoc|Any CPU.Build.0 = Release|Any CPU
		{B0C01277-BBF1-4A23-B700-4E4B6954A3B7}.Ad-Hoc|iPhone.ActiveCfg = Release|Any CPU
		{B0C01277-BBF1-4A23-B700-4E4B6954A3B7}.Ad-Hoc|iPhone.Build.0 = Release|Any CPU
		{B0C01277-BBF1-4A23-B700-4E4B6954A3B7}.Ad-Hoc|iPhoneSimulator.ActiveCfg = Release|Any CPU
		{B0C01277-BBF1-4A23-B700-4E4B6954A3B7}.Ad-Hoc|iPhoneSimulator.Build.0 = Release|Any CPU
		{B0C01277-BBF1-4A23-B700-4E4B6954A3B7}.Ad-Hoc|x64.ActiveCfg = Debug|Any CPU
		{B0C01277-BBF1-4A23-B700-4E4B6954A3B7}.Ad-Hoc|x64.Build.0 = Debug|Any CPU
		{B0C01277-BBF1-4A23-B700-4E4B6954A3B7}.AppStore|Any CPU.ActiveCfg = Release|Any CPU
		{B0C01277-BBF1-4A23-B700-4E4B6954A3B7}.AppStore|Any CPU.Build.0 = Release|Any CPU
		{B0C01277-BBF1-4A23-B700-4E4B6954A3B7}.AppStore|iPhone.ActiveCfg = Release|Any CPU
		{B0C01277-BBF1-4A23-B700-4E4B6954A3B7}.AppStore|iPhone.Build.0 = Release|Any CPU
		{B0C01277-BBF1-4A23-B700-4E4B6954A3B7}.AppStore|iPhoneSimulator.ActiveCfg = Release|Any CPU
		{B0C01277-BBF1-4A23-B700-4E4B6954A3B7}.AppStore|iPhoneSimulator.Build.0 = Release|Any CPU
		{B0C01277-BBF1-4A23-B700-4E4B6954A3B7}.AppStore|x64.ActiveCfg = Debug|Any CPU
		{B0C01277-BBF1-4A23-B700-4E4B6954A3B7}.AppStore|x64.Build.0 = Debug|Any CPU
		{B0C01277-BBF1-4A23-B700-4E4B6954A3B7}.Debug|Any CPU.ActiveCfg = Debug|Any CPU
		{B0C01277-BBF1-4A23-B700-4E4B6954A3B7}.Debug|Any CPU.Build.0 = Debug|Any CPU
		{B0C01277-BBF1-4A23-B700-4E4B6954A3B7}.Debug|iPhone.ActiveCfg = Debug|Any CPU
		{B0C01277-BBF1-4A23-B700-4E4B6954A3B7}.Debug|iPhone.Build.0 = Debug|Any CPU
		{B0C01277-BBF1-4A23-B700-4E4B6954A3B7}.Debug|iPhoneSimulator.ActiveCfg = Debug|Any CPU
		{B0C01277-BBF1-4A23-B700-4E4B6954A3B7}.Debug|iPhoneSimulator.Build.0 = Debug|Any CPU
		{B0C01277-BBF1-4A23-B700-4E4B6954A3B7}.Debug|x64.ActiveCfg = Debug|Any CPU
		{B0C01277-BBF1-4A23-B700-4E4B6954A3B7}.Debug|x64.Build.0 = Debug|Any CPU
		{B0C01277-BBF1-4A23-B700-4E4B6954A3B7}.Release|Any CPU.ActiveCfg = Release|Any CPU
		{B0C01277-BBF1-4A23-B700-4E4B6954A3B7}.Release|Any CPU.Build.0 = Release|Any CPU
		{B0C01277-BBF1-4A23-B700-4E4B6954A3B7}.Release|iPhone.ActiveCfg = Release|Any CPU
		{B0C01277-BBF1-4A23-B700-4E4B6954A3B7}.Release|iPhone.Build.0 = Release|Any CPU
		{B0C01277-BBF1-4A23-B700-4E4B6954A3B7}.Release|iPhoneSimulator.ActiveCfg = Release|Any CPU
		{B0C01277-BBF1-4A23-B700-4E4B6954A3B7}.Release|iPhoneSimulator.Build.0 = Release|Any CPU
		{B0C01277-BBF1-4A23-B700-4E4B6954A3B7}.Release|x64.ActiveCfg = Release|Any CPU
		{B0C01277-BBF1-4A23-B700-4E4B6954A3B7}.Release|x64.Build.0 = Release|Any CPU
		{1BC9C4C7-F520-4D83-84FA-EF53562AB010}.Ad-Hoc|Any CPU.ActiveCfg = Debug|Any CPU
		{1BC9C4C7-F520-4D83-84FA-EF53562AB010}.Ad-Hoc|Any CPU.Build.0 = Debug|Any CPU
		{1BC9C4C7-F520-4D83-84FA-EF53562AB010}.Ad-Hoc|iPhone.ActiveCfg = Debug|Any CPU
		{1BC9C4C7-F520-4D83-84FA-EF53562AB010}.Ad-Hoc|iPhone.Build.0 = Debug|Any CPU
		{1BC9C4C7-F520-4D83-84FA-EF53562AB010}.Ad-Hoc|iPhoneSimulator.ActiveCfg = Debug|Any CPU
		{1BC9C4C7-F520-4D83-84FA-EF53562AB010}.Ad-Hoc|iPhoneSimulator.Build.0 = Debug|Any CPU
		{1BC9C4C7-F520-4D83-84FA-EF53562AB010}.Ad-Hoc|x64.ActiveCfg = Release|Any CPU
		{1BC9C4C7-F520-4D83-84FA-EF53562AB010}.Ad-Hoc|x64.Build.0 = Release|Any CPU
		{1BC9C4C7-F520-4D83-84FA-EF53562AB010}.AppStore|Any CPU.ActiveCfg = Debug|Any CPU
		{1BC9C4C7-F520-4D83-84FA-EF53562AB010}.AppStore|Any CPU.Build.0 = Debug|Any CPU
		{1BC9C4C7-F520-4D83-84FA-EF53562AB010}.AppStore|iPhone.ActiveCfg = Debug|Any CPU
		{1BC9C4C7-F520-4D83-84FA-EF53562AB010}.AppStore|iPhone.Build.0 = Debug|Any CPU
		{1BC9C4C7-F520-4D83-84FA-EF53562AB010}.AppStore|iPhoneSimulator.ActiveCfg = Debug|Any CPU
		{1BC9C4C7-F520-4D83-84FA-EF53562AB010}.AppStore|iPhoneSimulator.Build.0 = Debug|Any CPU
		{1BC9C4C7-F520-4D83-84FA-EF53562AB010}.AppStore|x64.ActiveCfg = Release|Any CPU
		{1BC9C4C7-F520-4D83-84FA-EF53562AB010}.AppStore|x64.Build.0 = Release|Any CPU
		{1BC9C4C7-F520-4D83-84FA-EF53562AB010}.Debug|Any CPU.ActiveCfg = Debug|Any CPU
		{1BC9C4C7-F520-4D83-84FA-EF53562AB010}.Debug|Any CPU.Build.0 = Debug|Any CPU
		{1BC9C4C7-F520-4D83-84FA-EF53562AB010}.Debug|iPhone.ActiveCfg = Debug|Any CPU
		{1BC9C4C7-F520-4D83-84FA-EF53562AB010}.Debug|iPhone.Build.0 = Debug|Any CPU
		{1BC9C4C7-F520-4D83-84FA-EF53562AB010}.Debug|iPhoneSimulator.ActiveCfg = Debug|Any CPU
		{1BC9C4C7-F520-4D83-84FA-EF53562AB010}.Debug|iPhoneSimulator.Build.0 = Debug|Any CPU
		{1BC9C4C7-F520-4D83-84FA-EF53562AB010}.Debug|x64.ActiveCfg = Debug|Any CPU
		{1BC9C4C7-F520-4D83-84FA-EF53562AB010}.Debug|x64.Build.0 = Debug|Any CPU
		{1BC9C4C7-F520-4D83-84FA-EF53562AB010}.Release|Any CPU.ActiveCfg = Release|Any CPU
		{1BC9C4C7-F520-4D83-84FA-EF53562AB010}.Release|Any CPU.Build.0 = Release|Any CPU
		{1BC9C4C7-F520-4D83-84FA-EF53562AB010}.Release|iPhone.ActiveCfg = Release|Any CPU
		{1BC9C4C7-F520-4D83-84FA-EF53562AB010}.Release|iPhone.Build.0 = Release|Any CPU
		{1BC9C4C7-F520-4D83-84FA-EF53562AB010}.Release|iPhoneSimulator.ActiveCfg = Release|Any CPU
		{1BC9C4C7-F520-4D83-84FA-EF53562AB010}.Release|iPhoneSimulator.Build.0 = Release|Any CPU
		{1BC9C4C7-F520-4D83-84FA-EF53562AB010}.Release|x64.ActiveCfg = Release|Any CPU
		{1BC9C4C7-F520-4D83-84FA-EF53562AB010}.Release|x64.Build.0 = Release|Any CPU
	EndGlobalSection
	GlobalSection(SolutionProperties) = preSolution
		HideSolutionNode = FALSE
	EndGlobalSection
	GlobalSection(ExtensibilityGlobals) = postSolution
		SolutionGuid = {1AD1CA0D-63DF-4A9A-885F-660B55AF07BE}
	EndGlobalSection
EndGlobal
